// !$*UTF8*$!
{
	archiveVersion = 1;
	classes = {
	};
	objectVersion = 50;
	objects = {

/* Begin PBXBuildFile section */
		5E0D607F2693875E002AAACB /* AppDelegate.swift in Sources */ = {isa = PBXBuildFile; fileRef = 5E0D607E2693875E002AAACB /* AppDelegate.swift */; };
		5E0D60812693875E002AAACB /* SceneDelegate.swift in Sources */ = {isa = PBXBuildFile; fileRef = 5E0D60802693875E002AAACB /* SceneDelegate.swift */; };
		5E0D60832693875E002AAACB /* PrayerTimesController.swift in Sources */ = {isa = PBXBuildFile; fileRef = 5E0D60822693875E002AAACB /* PrayerTimesController.swift */; };
		5E0D60862693875E002AAACB /* Main.storyboard in Resources */ = {isa = PBXBuildFile; fileRef = 5E0D60842693875E002AAACB /* Main.storyboard */; };
		5E0D60892693875E002AAACB /* Prayer_Times.xcdatamodeld in Sources */ = {isa = PBXBuildFile; fileRef = 5E0D60872693875E002AAACB /* Prayer_Times.xcdatamodeld */; };
		5E0D608B26938760002AAACB /* Assets.xcassets in Resources */ = {isa = PBXBuildFile; fileRef = 5E0D608A26938760002AAACB /* Assets.xcassets */; };
		5E0D608E26938760002AAACB /* LaunchScreen.storyboard in Resources */ = {isa = PBXBuildFile; fileRef = 5E0D608C26938760002AAACB /* LaunchScreen.storyboard */; };
		5E0D60B9269CBFFD002AAACB /* PrayerTimesManager.swift in Sources */ = {isa = PBXBuildFile; fileRef = 5E0D60B8269CBFFD002AAACB /* PrayerTimesManager.swift */; };
		5E0D60BE26A20F02002AAACB /* PrayerTimesData.swift in Sources */ = {isa = PBXBuildFile; fileRef = 5E0D60BD26A20F02002AAACB /* PrayerTimesData.swift */; };
		5E0D60C726AB4AA9002AAACB /* PrayerTimesModel.swift in Sources */ = {isa = PBXBuildFile; fileRef = 5E0D60C626AB4AA8002AAACB /* PrayerTimesModel.swift */; };
/* End PBXBuildFile section */

/* Begin PBXContainerItemProxy section */
		5E0D609526938760002AAACB /* PBXContainerItemProxy */ = {
			isa = PBXContainerItemProxy;
			containerPortal = 5E0D60732693875E002AAACB /* Project object */;
			proxyType = 1;
			remoteGlobalIDString = 5E0D607A2693875E002AAACB;
			remoteInfo = "Pryer Times";
		};
		5E0D60A026938760002AAACB /* PBXContainerItemProxy */ = {
			isa = PBXContainerItemProxy;
			containerPortal = 5E0D60732693875E002AAACB /* Project object */;
			proxyType = 1;
			remoteGlobalIDString = 5E0D607A2693875E002AAACB;
			remoteInfo = "Pryer Times";
		};
/* End PBXContainerItemProxy section */

/* Begin PBXFileReference section */
		5E0D607B2693875E002AAACB /* PrayerTimes.app */ = {isa = PBXFileReference; explicitFileType = wrapper.application; includeInIndex = 0; path = PrayerTimes.app; sourceTree = BUILT_PRODUCTS_DIR; };
		5E0D607E2693875E002AAACB /* AppDelegate.swift */ = {isa = PBXFileReference; lastKnownFileType = sourcecode.swift; path = AppDelegate.swift; sourceTree = "<group>"; };
		5E0D60802693875E002AAACB /* SceneDelegate.swift */ = {isa = PBXFileReference; lastKnownFileType = sourcecode.swift; path = SceneDelegate.swift; sourceTree = "<group>"; };
		5E0D60822693875E002AAACB /* PrayerTimesController.swift */ = {isa = PBXFileReference; lastKnownFileType = sourcecode.swift; path = PrayerTimesController.swift; sourceTree = "<group>"; };
		5E0D60852693875E002AAACB /* Base */ = {isa = PBXFileReference; lastKnownFileType = file.storyboard; name = Base; path = Base.lproj/Main.storyboard; sourceTree = "<group>"; };
		5E0D60882693875E002AAACB /* Pryer_Times.xcdatamodel */ = {isa = PBXFileReference; lastKnownFileType = wrapper.xcdatamodel; path = Pryer_Times.xcdatamodel; sourceTree = "<group>"; };
		5E0D608A26938760002AAACB /* Assets.xcassets */ = {isa = PBXFileReference; lastKnownFileType = folder.assetcatalog; path = Assets.xcassets; sourceTree = "<group>"; };
		5E0D608D26938760002AAACB /* Base */ = {isa = PBXFileReference; lastKnownFileType = file.storyboard; name = Base; path = Base.lproj/LaunchScreen.storyboard; sourceTree = "<group>"; };
		5E0D608F26938760002AAACB /* Info.plist */ = {isa = PBXFileReference; lastKnownFileType = text.plist.xml; path = Info.plist; sourceTree = "<group>"; };
		5E0D609426938760002AAACB /* PrayerTimesTests.xctest */ = {isa = PBXFileReference; explicitFileType = wrapper.cfbundle; includeInIndex = 0; path = PrayerTimesTests.xctest; sourceTree = BUILT_PRODUCTS_DIR; };
		5E0D609F26938760002AAACB /* PrayerTimesUITests.xctest */ = {isa = PBXFileReference; explicitFileType = wrapper.cfbundle; includeInIndex = 0; path = PrayerTimesUITests.xctest; sourceTree = BUILT_PRODUCTS_DIR; };
		5E0D60B8269CBFFD002AAACB /* PrayerTimesManager.swift */ = {isa = PBXFileReference; lastKnownFileType = sourcecode.swift; path = PrayerTimesManager.swift; sourceTree = "<group>"; };
		5E0D60BD26A20F02002AAACB /* PrayerTimesData.swift */ = {isa = PBXFileReference; lastKnownFileType = sourcecode.swift; path = PrayerTimesData.swift; sourceTree = "<group>"; };
		5E0D60C626AB4AA8002AAACB /* PrayerTimesModel.swift */ = {isa = PBXFileReference; lastKnownFileType = sourcecode.swift; path = PrayerTimesModel.swift; sourceTree = "<group>"; };
/* End PBXFileReference section */

/* Begin PBXFrameworksBuildPhase section */
		5E0D60782693875E002AAACB /* Frameworks */ = {
			isa = PBXFrameworksBuildPhase;
			buildActionMask = 2147483647;
			files = (
			);
			runOnlyForDeploymentPostprocessing = 0;
		};
		5E0D609126938760002AAACB /* Frameworks */ = {
			isa = PBXFrameworksBuildPhase;
			buildActionMask = 2147483647;
			files = (
			);
			runOnlyForDeploymentPostprocessing = 0;
		};
		5E0D609C26938760002AAACB /* Frameworks */ = {
			isa = PBXFrameworksBuildPhase;
			buildActionMask = 2147483647;
			files = (
			);
			runOnlyForDeploymentPostprocessing = 0;
		};
/* End PBXFrameworksBuildPhase section */

/* Begin PBXGroup section */
		5E0D60722693875E002AAACB = {
			isa = PBXGroup;
			children = (
				5E0D607D2693875E002AAACB /* PrayerTimes */,
				5E0D607C2693875E002AAACB /* Products */,
			);
			sourceTree = "<group>";
		};
		5E0D607C2693875E002AAACB /* Products */ = {
			isa = PBXGroup;
			children = (
				5E0D607B2693875E002AAACB /* PrayerTimes.app */,
				5E0D609426938760002AAACB /* PrayerTimesTests.xctest */,
				5E0D609F26938760002AAACB /* PrayerTimesUITests.xctest */,
			);
			name = Products;
			sourceTree = "<group>";
		};
		5E0D607D2693875E002AAACB /* PrayerTimes */ = {
			isa = PBXGroup;
			children = (
				5E0D607E2693875E002AAACB /* AppDelegate.swift */,
				5E0D60802693875E002AAACB /* SceneDelegate.swift */,
				5E2BF23826CACF95007901BB /* Controller */,
				5E2BF23726CACF81007901BB /* View */,
				5E2BF23C26CACFA8007901BB /* Model */,
				5E0D608A26938760002AAACB /* Assets.xcassets */,
				5E0D608C26938760002AAACB /* LaunchScreen.storyboard */,
				5E0D608F26938760002AAACB /* Info.plist */,
				5E0D60872693875E002AAACB /* Prayer_Times.xcdatamodeld */,
			);
			path = PrayerTimes;
			sourceTree = "<group>";
		};
		5E2BF23726CACF81007901BB /* View */ = {
			isa = PBXGroup;
			children = (
				5E0D60842693875E002AAACB /* Main.storyboard */,
			);
			path = View;
			sourceTree = "<group>";
		};
		5E2BF23826CACF95007901BB /* Controller */ = {
			isa = PBXGroup;
			children = (
				5E0D60822693875E002AAACB /* PrayerTimesController.swift */,
			);
			path = Controller;
			sourceTree = "<group>";
		};
		5E2BF23C26CACFA8007901BB /* Model */ = {
			isa = PBXGroup;
			children = (
				5E0D60B8269CBFFD002AAACB /* PrayerTimesManager.swift */,
				5E0D60BD26A20F02002AAACB /* PrayerTimesData.swift */,
				5E0D60C626AB4AA8002AAACB /* PrayerTimesModel.swift */,
			);
			path = Model;
			sourceTree = "<group>";
		};
/* End PBXGroup section */

/* Begin PBXNativeTarget section */
		5E0D607A2693875E002AAACB /* PrayerTimes */ = {
			isa = PBXNativeTarget;
			buildConfigurationList = 5E0D60A826938761002AAACB /* Build configuration list for PBXNativeTarget "PrayerTimes" */;
			buildPhases = (
				5E0D60772693875E002AAACB /* Sources */,
				5E0D60782693875E002AAACB /* Frameworks */,
				5E0D60792693875E002AAACB /* Resources */,
			);
			buildRules = (
			);
			dependencies = (
			);
			name = PrayerTimes;
			productName = "Pryer Times";
			productReference = 5E0D607B2693875E002AAACB /* PrayerTimes.app */;
			productType = "com.apple.product-type.application";
		};
		5E0D609326938760002AAACB /* PrayerTimesTests */ = {
			isa = PBXNativeTarget;
			buildConfigurationList = 5E0D60AB26938761002AAACB /* Build configuration list for PBXNativeTarget "PrayerTimesTests" */;
			buildPhases = (
				5E0D609026938760002AAACB /* Sources */,
				5E0D609126938760002AAACB /* Frameworks */,
				5E0D609226938760002AAACB /* Resources */,
			);
			buildRules = (
			);
			dependencies = (
				5E0D609626938760002AAACB /* PBXTargetDependency */,
			);
			name = PrayerTimesTests;
			productName = "Pryer TimesTests";
			productReference = 5E0D609426938760002AAACB /* PrayerTimesTests.xctest */;
			productType = "com.apple.product-type.bundle.unit-test";
		};
		5E0D609E26938760002AAACB /* PrayerTimesUITests */ = {
			isa = PBXNativeTarget;
			buildConfigurationList = 5E0D60AE26938761002AAACB /* Build configuration list for PBXNativeTarget "PrayerTimesUITests" */;
			buildPhases = (
				5E0D609B26938760002AAACB /* Sources */,
				5E0D609C26938760002AAACB /* Frameworks */,
				5E0D609D26938760002AAACB /* Resources */,
			);
			buildRules = (
			);
			dependencies = (
				5E0D60A126938760002AAACB /* PBXTargetDependency */,
			);
			name = PrayerTimesUITests;
			productName = "Pryer TimesUITests";
			productReference = 5E0D609F26938760002AAACB /* PrayerTimesUITests.xctest */;
			productType = "com.apple.product-type.bundle.ui-testing";
		};
/* End PBXNativeTarget section */

/* Begin PBXProject section */
		5E0D60732693875E002AAACB /* Project object */ = {
			isa = PBXProject;
			attributes = {
				LastSwiftUpdateCheck = 1240;
				LastUpgradeCheck = 1240;
				TargetAttributes = {
					5E0D607A2693875E002AAACB = {
						CreatedOnToolsVersion = 12.4;
					};
					5E0D609326938760002AAACB = {
						CreatedOnToolsVersion = 12.4;
						TestTargetID = 5E0D607A2693875E002AAACB;
					};
					5E0D609E26938760002AAACB = {
						CreatedOnToolsVersion = 12.4;
						TestTargetID = 5E0D607A2693875E002AAACB;
					};
				};
			};
			buildConfigurationList = 5E0D60762693875E002AAACB /* Build configuration list for PBXProject "PrayerTimes" */;
			compatibilityVersion = "Xcode 9.3";
			developmentRegion = en;
			hasScannedForEncodings = 0;
			knownRegions = (
				en,
				Base,
			);
			mainGroup = 5E0D60722693875E002AAACB;
			productRefGroup = 5E0D607C2693875E002AAACB /* Products */;
			projectDirPath = "";
			projectRoot = "";
			targets = (
				5E0D607A2693875E002AAACB /* PrayerTimes */,
				5E0D609326938760002AAACB /* PrayerTimesTests */,
				5E0D609E26938760002AAACB /* PrayerTimesUITests */,
			);
		};
/* End PBXProject section */

/* Begin PBXResourcesBuildPhase section */
		5E0D60792693875E002AAACB /* Resources */ = {
			isa = PBXResourcesBuildPhase;
			buildActionMask = 2147483647;
			files = (
				5E0D608E26938760002AAACB /* LaunchScreen.storyboard in Resources */,
				5E0D608B26938760002AAACB /* Assets.xcassets in Resources */,
				5E0D60862693875E002AAACB /* Main.storyboard in Resources */,
			);
			runOnlyForDeploymentPostprocessing = 0;
		};
		5E0D609226938760002AAACB /* Resources */ = {
			isa = PBXResourcesBuildPhase;
			buildActionMask = 2147483647;
			files = (
			);
			runOnlyForDeploymentPostprocessing = 0;
		};
		5E0D609D26938760002AAACB /* Resources */ = {
			isa = PBXResourcesBuildPhase;
			buildActionMask = 2147483647;
			files = (
			);
			runOnlyForDeploymentPostprocessing = 0;
		};
/* End PBXResourcesBuildPhase section */

/* Begin PBXSourcesBuildPhase section */
		5E0D60772693875E002AAACB /* Sources */ = {
			isa = PBXSourcesBuildPhase;
			buildActionMask = 2147483647;
			files = (
				5E0D60B9269CBFFD002AAACB /* PrayerTimesManager.swift in Sources */,
				5E0D60BE26A20F02002AAACB /* PrayerTimesData.swift in Sources */,
				5E0D60832693875E002AAACB /* PrayerTimesController.swift in Sources */,
				5E0D607F2693875E002AAACB /* AppDelegate.swift in Sources */,
				5E0D60812693875E002AAACB /* SceneDelegate.swift in Sources */,
				5E0D60892693875E002AAACB /* Prayer_Times.xcdatamodeld in Sources */,
				5E0D60C726AB4AA9002AAACB /* PrayerTimesModel.swift in Sources */,
			);
			runOnlyForDeploymentPostprocessing = 0;
		};
		5E0D609026938760002AAACB /* Sources */ = {
			isa = PBXSourcesBuildPhase;
			buildActionMask = 2147483647;
			files = (
			);
			runOnlyForDeploymentPostprocessing = 0;
		};
		5E0D609B26938760002AAACB /* Sources */ = {
			isa = PBXSourcesBuildPhase;
			buildActionMask = 2147483647;
			files = (
			);
			runOnlyForDeploymentPostprocessing = 0;
		};
/* End PBXSourcesBuildPhase section */

/* Begin PBXTargetDependency section */
		5E0D609626938760002AAACB /* PBXTargetDependency */ = {
			isa = PBXTargetDependency;
			target = 5E0D607A2693875E002AAACB /* PrayerTimes */;
			targetProxy = 5E0D609526938760002AAACB /* PBXContainerItemProxy */;
		};
		5E0D60A126938760002AAACB /* PBXTargetDependency */ = {
			isa = PBXTargetDependency;
			target = 5E0D607A2693875E002AAACB /* PrayerTimes */;
			targetProxy = 5E0D60A026938760002AAACB /* PBXContainerItemProxy */;
		};
/* End PBXTargetDependency section */

/* Begin PBXVariantGroup section */
		5E0D60842693875E002AAACB /* Main.storyboard */ = {
			isa = PBXVariantGroup;
			children = (
				5E0D60852693875E002AAACB /* Base */,
			);
			name = Main.storyboard;
			sourceTree = "<group>";
		};
		5E0D608C26938760002AAACB /* LaunchScreen.storyboard */ = {
			isa = PBXVariantGroup;
			children = (
				5E0D608D26938760002AAACB /* Base */,
			);
			name = LaunchScreen.storyboard;
			sourceTree = "<group>";
		};
/* End PBXVariantGroup section */

/* Begin XCBuildConfiguration section */
		5E0D60A626938761002AAACB /* Debug */ = {
			isa = XCBuildConfiguration;
			buildSettings = {
				ALWAYS_SEARCH_USER_PATHS = NO;
				CLANG_ANALYZER_NONNULL = YES;
				CLANG_ANALYZER_NUMBER_OBJECT_CONVERSION = YES_AGGRESSIVE;
				CLANG_CXX_LANGUAGE_STANDARD = "gnu++14";
				CLANG_CXX_LIBRARY = "libc++";
				CLANG_ENABLE_MODULES = YES;
				CLANG_ENABLE_OBJC_ARC = YES;
				CLANG_ENABLE_OBJC_WEAK = YES;
				CLANG_WARN_BLOCK_CAPTURE_AUTORELEASING = YES;
				CLANG_WARN_BOOL_CONVERSION = YES;
				CLANG_WARN_COMMA = YES;
				CLANG_WARN_CONSTANT_CONVERSION = YES;
				CLANG_WARN_DEPRECATED_OBJC_IMPLEMENTATIONS = YES;
				CLANG_WARN_DIRECT_OBJC_ISA_USAGE = YES_ERROR;
				CLANG_WARN_DOCUMENTATION_COMMENTS = YES;
				CLANG_WARN_EMPTY_BODY = YES;
				CLANG_WARN_ENUM_CONVERSION = YES;
				CLANG_WARN_INFINITE_RECURSION = YES;
				CLANG_WARN_INT_CONVERSION = YES;
				CLANG_WARN_NON_LITERAL_NULL_CONVERSION = YES;
				CLANG_WARN_OBJC_IMPLICIT_RETAIN_SELF = YES;
				CLANG_WARN_OBJC_LITERAL_CONVERSION = YES;
				CLANG_WARN_OBJC_ROOT_CLASS = YES_ERROR;
				CLANG_WARN_QUOTED_INCLUDE_IN_FRAMEWORK_HEADER = YES;
				CLANG_WARN_RANGE_LOOP_ANALYSIS = YES;
				CLANG_WARN_STRICT_PROTOTYPES = YES;
				CLANG_WARN_SUSPICIOUS_MOVE = YES;
				CLANG_WARN_UNGUARDED_AVAILABILITY = YES_AGGRESSIVE;
				CLANG_WARN_UNREACHABLE_CODE = YES;
				CLANG_WARN__DUPLICATE_METHOD_MATCH = YES;
				COPY_PHASE_STRIP = NO;
				DEBUG_INFORMATION_FORMAT = dwarf;
				ENABLE_STRICT_OBJC_MSGSEND = YES;
				ENABLE_TESTABILITY = YES;
				GCC_C_LANGUAGE_STANDARD = gnu11;
				GCC_DYNAMIC_NO_PIC = NO;
				GCC_NO_COMMON_BLOCKS = YES;
				GCC_OPTIMIZATION_LEVEL = 0;
				GCC_PREPROCESSOR_DEFINITIONS = (
					"DEBUG=1",
					"$(inherited)",
				);
				GCC_WARN_64_TO_32_BIT_CONVERSION = YES;
				GCC_WARN_ABOUT_RETURN_TYPE = YES_ERROR;
				GCC_WARN_UNDECLARED_SELECTOR = YES;
				GCC_WARN_UNINITIALIZED_AUTOS = YES_AGGRESSIVE;
				GCC_WARN_UNUSED_FUNCTION = YES;
				GCC_WARN_UNUSED_VARIABLE = YES;
				IPHONEOS_DEPLOYMENT_TARGET = 14.4;
				MTL_ENABLE_DEBUG_INFO = INCLUDE_SOURCE;
				MTL_FAST_MATH = YES;
				ONLY_ACTIVE_ARCH = YES;
				SDKROOT = iphoneos;
				SWIFT_ACTIVE_COMPILATION_CONDITIONS = DEBUG;
				SWIFT_OPTIMIZATION_LEVEL = "-Onone";
			};
			name = Debug;
		};
		5E0D60A726938761002AAACB /* Release */ = {
			isa = XCBuildConfiguration;
			buildSettings = {
				ALWAYS_SEARCH_USER_PATHS = NO;
				CLANG_ANALYZER_NONNULL = YES;
				CLANG_ANALYZER_NUMBER_OBJECT_CONVERSION = YES_AGGRESSIVE;
				CLANG_CXX_LANGUAGE_STANDARD = "gnu++14";
				CLANG_CXX_LIBRARY = "libc++";
				CLANG_ENABLE_MODULES = YES;
				CLANG_ENABLE_OBJC_ARC = YES;
				CLANG_ENABLE_OBJC_WEAK = YES;
				CLANG_WARN_BLOCK_CAPTURE_AUTORELEASING = YES;
				CLANG_WARN_BOOL_CONVERSION = YES;
				CLANG_WARN_COMMA = YES;
				CLANG_WARN_CONSTANT_CONVERSION = YES;
				CLANG_WARN_DEPRECATED_OBJC_IMPLEMENTATIONS = YES;
				CLANG_WARN_DIRECT_OBJC_ISA_USAGE = YES_ERROR;
				CLANG_WARN_DOCUMENTATION_COMMENTS = YES;
				CLANG_WARN_EMPTY_BODY = YES;
				CLANG_WARN_ENUM_CONVERSION = YES;
				CLANG_WARN_INFINITE_RECURSION = YES;
				CLANG_WARN_INT_CONVERSION = YES;
				CLANG_WARN_NON_LITERAL_NULL_CONVERSION = YES;
				CLANG_WARN_OBJC_IMPLICIT_RETAIN_SELF = YES;
				CLANG_WARN_OBJC_LITERAL_CONVERSION = YES;
				CLANG_WARN_OBJC_ROOT_CLASS = YES_ERROR;
				CLANG_WARN_QUOTED_INCLUDE_IN_FRAMEWORK_HEADER = YES;
				CLANG_WARN_RANGE_LOOP_ANALYSIS = YES;
				CLANG_WARN_STRICT_PROTOTYPES = YES;
				CLANG_WARN_SUSPICIOUS_MOVE = YES;
				CLANG_WARN_UNGUARDED_AVAILABILITY = YES_AGGRESSIVE;
				CLANG_WARN_UNREACHABLE_CODE = YES;
				CLANG_WARN__DUPLICATE_METHOD_MATCH = YES;
				COPY_PHASE_STRIP = NO;
				DEBUG_INFORMATION_FORMAT = "dwarf-with-dsym";
				ENABLE_NS_ASSERTIONS = NO;
				ENABLE_STRICT_OBJC_MSGSEND = YES;
				GCC_C_LANGUAGE_STANDARD = gnu11;
				GCC_NO_COMMON_BLOCKS = YES;
				GCC_WARN_64_TO_32_BIT_CONVERSION = YES;
				GCC_WARN_ABOUT_RETURN_TYPE = YES_ERROR;
				GCC_WARN_UNDECLARED_SELECTOR = YES;
				GCC_WARN_UNINITIALIZED_AUTOS = YES_AGGRESSIVE;
				GCC_WARN_UNUSED_FUNCTION = YES;
				GCC_WARN_UNUSED_VARIABLE = YES;
				IPHONEOS_DEPLOYMENT_TARGET = 14.4;
				MTL_ENABLE_DEBUG_INFO = NO;
				MTL_FAST_MATH = YES;
				SDKROOT = iphoneos;
				SWIFT_COMPILATION_MODE = wholemodule;
				SWIFT_OPTIMIZATION_LEVEL = "-O";
				VALIDATE_PRODUCT = YES;
			};
			name = Release;
		};
		5E0D60A926938761002AAACB /* Debug */ = {
			isa = XCBuildConfiguration;
			buildSettings = {
				ASSETCATALOG_COMPILER_APPICON_NAME = AppIcon;
				ASSETCATALOG_COMPILER_GLOBAL_ACCENT_COLOR_NAME = AccentColor;
				CODE_SIGN_IDENTITY = "Apple Development";
				CODE_SIGN_STYLE = Automatic;
				DEVELOPMENT_TEAM = W8GUP4LR2M;
				INFOPLIST_FILE = PrayerTimes/Info.plist;
				LD_RUNPATH_SEARCH_PATHS = (
					"$(inherited)",
					"@executable_path/Frameworks",
				);
				PRODUCT_BUNDLE_IDENTIFIER = "Hivzi.Prayer-Times";
				PRODUCT_NAME = "$(TARGET_NAME)";
				PROVISIONING_PROFILE_SPECIFIER = "";
				SWIFT_VERSION = 5.0;
				TARGETED_DEVICE_FAMILY = "1,2";
			};
			name = Debug;
		};
		5E0D60AA26938761002AAACB /* Release */ = {
			isa = XCBuildConfiguration;
			buildSettings = {
				ASSETCATALOG_COMPILER_APPICON_NAME = AppIcon;
				ASSETCATALOG_COMPILER_GLOBAL_ACCENT_COLOR_NAME = AccentColor;
				CODE_SIGN_IDENTITY = "Apple Development";
				CODE_SIGN_STYLE = Automatic;
				DEVELOPMENT_TEAM = W8GUP4LR2M;
				INFOPLIST_FILE = PrayerTimes/Info.plist;
				LD_RUNPATH_SEARCH_PATHS = (
					"$(inherited)",
					"@executable_path/Frameworks",
				);
				PRODUCT_BUNDLE_IDENTIFIER = "Hivzi.Prayer-Times";
				PRODUCT_NAME = "$(TARGET_NAME)";
				PROVISIONING_PROFILE_SPECIFIER = "";
				SWIFT_VERSION = 5.0;
				TARGETED_DEVICE_FAMILY = "1,2";
			};
			name = Release;
		};
		5E0D60AC26938761002AAACB /* Debug */ = {
			isa = XCBuildConfiguration;
			buildSettings = {
				ALWAYS_EMBED_SWIFT_STANDARD_LIBRARIES = YES;
				BUNDLE_LOADER = "$(TEST_HOST)";
				CODE_SIGN_STYLE = Automatic;
				INFOPLIST_FILE = "Pryer TimesTests/Info.plist";
				IPHONEOS_DEPLOYMENT_TARGET = 14.4;
				LD_RUNPATH_SEARCH_PATHS = (
					"$(inherited)",
					"@executable_path/Frameworks",
					"@loader_path/Frameworks",
				);
				PRODUCT_BUNDLE_IDENTIFIER = "Hivzi.Pryer-TimesTests";
				PRODUCT_NAME = "$(TARGET_NAME)";
				SWIFT_VERSION = 5.0;
				TARGETED_DEVICE_FAMILY = "1,2";
				TEST_HOST = "$(BUILT_PRODUCTS_DIR)/PrayerTimes.app/PrayerTimes";
			};
			name = Debug;
		};
		5E0D60AD26938761002AAACB /* Release */ = {
			isa = XCBuildConfiguration;
			buildSettings = {
				ALWAYS_EMBED_SWIFT_STANDARD_LIBRARIES = YES;
				BUNDLE_LOADER = "$(TEST_HOST)";
				CODE_SIGN_STYLE = Automatic;
				INFOPLIST_FILE = "Pryer TimesTests/Info.plist";
				IPHONEOS_DEPLOYMENT_TARGET = 14.4;
				LD_RUNPATH_SEARCH_PATHS = (
					"$(inherited)",
					"@executable_path/Frameworks",
					"@loader_path/Frameworks",
				);
				PRODUCT_BUNDLE_IDENTIFIER = "Hivzi.Pryer-TimesTests";
				PRODUCT_NAME = "$(TARGET_NAME)";
				SWIFT_VERSION = 5.0;
				TARGETED_DEVICE_FAMILY = "1,2";
				TEST_HOST = "$(BUILT_PRODUCTS_DIR)/PrayerTimes.app/PrayerTimes";
			};
			name = Release;
		};
		5E0D60AF26938761002AAACB /* Debug */ = {
			isa = XCBuildConfiguration;
			buildSettings = {
				ALWAYS_EMBED_SWIFT_STANDARD_LIBRARIES = YES;
				CODE_SIGN_STYLE = Automatic;
				INFOPLIST_FILE = "Pryer TimesUITests/Info.plist";
				LD_RUNPATH_SEARCH_PATHS = (
					"$(inherited)",
					"@executable_path/Frameworks",
					"@loader_path/Frameworks",
				);
				PRODUCT_BUNDLE_IDENTIFIER = "Hivzi.Pryer-TimesUITests";
				PRODUCT_NAME = "$(TARGET_NAME)";
				SWIFT_VERSION = 5.0;
				TARGETED_DEVICE_FAMILY = "1,2";
				TEST_TARGET_NAME = "Pryer Times";
			};
			name = Debug;
		};
		5E0D60B026938761002AAACB /* Release */ = {
			isa = XCBuildConfiguration;
			buildSettings = {
				ALWAYS_EMBED_SWIFT_STANDARD_LIBRARIES = YES;
				CODE_SIGN_STYLE = Automatic;
				INFOPLIST_FILE = "Pryer TimesUITests/Info.plist";
				LD_RUNPATH_SEARCH_PATHS = (
					"$(inherited)",
					"@executable_path/Frameworks",
					"@loader_path/Frameworks",
				);
				PRODUCT_BUNDLE_IDENTIFIER = "Hivzi.Pryer-TimesUITests";
				PRODUCT_NAME = "$(TARGET_NAME)";
				SWIFT_VERSION = 5.0;
				TARGETED_DEVICE_FAMILY = "1,2";
				TEST_TARGET_NAME = "Pryer Times";
			};
			name = Release;
		};
/* End XCBuildConfiguration section */

/* Begin XCConfigurationList section */
		5E0D60762693875E002AAACB /* Build configuration list for PBXProject "PrayerTimes" */ = {
			isa = XCConfigurationList;
			buildConfigurations = (
				5E0D60A626938761002AAACB /* Debug */,
				5E0D60A726938761002AAACB /* Release */,
			);
			defaultConfigurationIsVisible = 0;
			defaultConfigurationName = Release;
		};
		5E0D60A826938761002AAACB /* Build configuration list for PBXNativeTarget "PrayerTimes" */ = {
			isa = XCConfigurationList;
			buildConfigurations = (
				5E0D60A926938761002AAACB /* Debug */,
				5E0D60AA26938761002AAACB /* Release */,
			);
			defaultConfigurationIsVisible = 0;
			defaultConfigurationName = Release;
		};
		5E0D60AB26938761002AAACB /* Build configuration list for PBXNativeTarget "PrayerTimesTests" */ = {
			isa = XCConfigurationList;
			buildConfigurations = (
				5E0D60AC26938761002AAACB /* Debug */,
				5E0D60AD26938761002AAACB /* Release */,
			);
			defaultConfigurationIsVisible = 0;
			defaultConfigurationName = Release;
		};
		5E0D60AE26938761002AAACB /* Build configuration list for PBXNativeTarget "PrayerTimesUITests" */ = {
			isa = XCConfigurationList;
			buildConfigurations = (
				5E0D60AF26938761002AAACB /* Debug */,
				5E0D60B026938761002AAACB /* Release */,
			);
			defaultConfigurationIsVisible = 0;
			defaultConfigurationName = Release;
		};
/* End XCConfigurationList section */

/* Begin XCVersionGroup section */
		5E0D60872693875E002AAACB /* Prayer_Times.xcdatamodeld */ = {
			isa = XCVersionGroup;
			children = (
				5E0D60882693875E002AAACB /* Pryer_Times.xcdatamodel */,
			);
			currentVersion = 5E0D60882693875E002AAACB /* Pryer_Times.xcdatamodel */;
			path = Prayer_Times.xcdatamodeld;
			sourceTree = "<group>";
			versionGroupType = wrapper.xcdatamodel;
		};
/* End XCVersionGroup section */
	};
	rootObject = 5E0D60732693875E002AAACB /* Project object */;
}
